
Microsoft Visual Studio Solution File, Format Version 12.00
# Visual Studio Version 17
VisualStudioVersion = 17.3.32811.315
MinimumVisualStudioVersion = 10.0.40219.1
Project("{FAE04EC0-301F-11D3-BF4B-00C04F79EFBC}") = "WindowsFormsApp_cartsys4_UNCQ", "WindowsFormsApp練習\WindowsFormsApp_cartsys4_UNCQ.csproj", "{BBAD8488-F46A-4DE8-A850-20CCB1BDEC2A}"
EndProject
Global
	GlobalSection(SolutionConfigurationPlatforms) = preSolution
		Debug|Any CPU = Debug|Any CPU
		Release|Any CPU = Release|Any CPU
	EndGlobalSection
	GlobalSection(ProjectConfigurationPlatforms) = postSolution
		{BBAD8488-F46A-4DE8-A850-20CCB1BDEC2A}.Debug|Any CPU.ActiveCfg = Debug|Any CPU
		{BBAD8488-F46A-4DE8-A850-20CCB1BDEC2A}.Debug|Any CPU.Build.0 = Debug|Any CPU
		{BBAD8488-F46A-4DE8-A850-20CCB1BDEC2A}.Release|Any CPU.ActiveCfg = Release|Any CPU
		{BBAD8488-F46A-4DE8-A850-20CCB1BDEC2A}.Release|Any CPU.Build.0 = Release|Any CPU
	EndGlobalSection
	GlobalSection(SolutionProperties) = preSolution
		HideSolutionNode = FALSE
	EndGlobalSection
	GlobalSection(ExtensibilityGlobals) = postSolution
		SolutionGuid = {4994247A-6278-4BF9-96EB-6E035FFD563F}
	EndGlobalSection
EndGlobal
